// !$*UTF8*$!
{
	archiveVersion = 1;
	classes = {
	};
	objectVersion = 56;
	objects = {

/* Begin PBXBuildFile section */
		80028DF42B66496500091E6A /* Movie.swift in Sources */ = {isa = PBXBuildFile; fileRef = 80028DD12B66496400091E6A /* Movie.swift */; };
		80028DF52B66496500091E6A /* Movie+CastEnums.swift in Sources */ = {isa = PBXBuildFile; fileRef = 80028DD22B66496400091E6A /* Movie+CastEnums.swift */; };
		80028DF62B66496500091E6A /* Cast.swift in Sources */ = {isa = PBXBuildFile; fileRef = 80028DD32B66496400091E6A /* Cast.swift */; };
		80028DF72B66496500091E6A /* String+Extension.swift in Sources */ = {isa = PBXBuildFile; fileRef = 80028DD52B66496400091E6A /* String+Extension.swift */; };
		80028DF92B66496500091E6A /* Color+Extension.swift in Sources */ = {isa = PBXBuildFile; fileRef = 80028DD72B66496400091E6A /* Color+Extension.swift */; };
		80028DFA2B66496500091E6A /* SceneDelegate.swift in Sources */ = {isa = PBXBuildFile; fileRef = 80028DDA2B66496400091E6A /* SceneDelegate.swift */; };
		80028DFB2B66496500091E6A /* MovieService.swift in Sources */ = {isa = PBXBuildFile; fileRef = 80028DDC2B66496400091E6A /* MovieService.swift */; };
		80028DFC2B66496500091E6A /* CastService.swift in Sources */ = {isa = PBXBuildFile; fileRef = 80028DDD2B66496400091E6A /* CastService.swift */; };
		80028DFD2B66496500091E6A /* HomeInteractor.swift in Sources */ = {isa = PBXBuildFile; fileRef = 80028DE02B66496500091E6A /* HomeInteractor.swift */; };
		80028DFE2B66496500091E6A /* HomeViewController.swift in Sources */ = {isa = PBXBuildFile; fileRef = 80028DE12B66496500091E6A /* HomeViewController.swift */; };
		80028DFF2B66496500091E6A /* HomeRouter.swift in Sources */ = {isa = PBXBuildFile; fileRef = 80028DE22B66496500091E6A /* HomeRouter.swift */; };
		80028E002B66496500091E6A /* MovieCell.swift in Sources */ = {isa = PBXBuildFile; fileRef = 80028DE42B66496500091E6A /* MovieCell.swift */; };
		80028E012B66496500091E6A /* HomePresenter.swift in Sources */ = {isa = PBXBuildFile; fileRef = 80028DE52B66496500091E6A /* HomePresenter.swift */; };
		80028E022B66496500091E6A /* HomeProtocols.swift in Sources */ = {isa = PBXBuildFile; fileRef = 80028DE62B66496500091E6A /* HomeProtocols.swift */; };
		80028E032B66496500091E6A /* DetailViewController.swift in Sources */ = {isa = PBXBuildFile; fileRef = 80028DE82B66496500091E6A /* DetailViewController.swift */; };
		80028E042B66496500091E6A /* DetailPresenter.swift in Sources */ = {isa = PBXBuildFile; fileRef = 80028DE92B66496500091E6A /* DetailPresenter.swift */; };
		80028E052B66496500091E6A /* DetailProtocols.swift in Sources */ = {isa = PBXBuildFile; fileRef = 80028DEA2B66496500091E6A /* DetailProtocols.swift */; };
		80028E062B66496500091E6A /* DetailInteractor.swift in Sources */ = {isa = PBXBuildFile; fileRef = 80028DEB2B66496500091E6A /* DetailInteractor.swift */; };
		80028E072B66496500091E6A /* ShowInfoView.swift in Sources */ = {isa = PBXBuildFile; fileRef = 80028DED2B66496500091E6A /* ShowInfoView.swift */; };
		80028E082B66496500091E6A /* CastCell.swift in Sources */ = {isa = PBXBuildFile; fileRef = 80028DEE2B66496500091E6A /* CastCell.swift */; };
		80028E092B66496500091E6A /* RatingView.swift in Sources */ = {isa = PBXBuildFile; fileRef = 80028DEF2B66496500091E6A /* RatingView.swift */; };
		80028E0A2B66496500091E6A /* CastView.swift in Sources */ = {isa = PBXBuildFile; fileRef = 80028DF02B66496500091E6A /* CastView.swift */; };
		80028E0B2B66496500091E6A /* DescriptionView.swift in Sources */ = {isa = PBXBuildFile; fileRef = 80028DF12B66496500091E6A /* DescriptionView.swift */; };
		80028E0C2B66496500091E6A /* DetailRouter.swift in Sources */ = {isa = PBXBuildFile; fileRef = 80028DF22B66496500091E6A /* DetailRouter.swift */; };
		80028E0D2B66496500091E6A /* AppDelegate.swift in Sources */ = {isa = PBXBuildFile; fileRef = 80028DF32B66496500091E6A /* AppDelegate.swift */; };
		80C4E95D2B64B89C0055D938 /* SDWebImage in Frameworks */ = {isa = PBXBuildFile; productRef = 80C4E95C2B64B89C0055D938 /* SDWebImage */; };
/* End PBXBuildFile section */

/* Begin PBXFileReference section */
		80028DD12B66496400091E6A /* Movie.swift */ = {isa = PBXFileReference; fileEncoding = 4; lastKnownFileType = sourcecode.swift; path = Movie.swift; sourceTree = "<group>"; };
		80028DD22B66496400091E6A /* Movie+CastEnums.swift */ = {isa = PBXFileReference; fileEncoding = 4; lastKnownFileType = sourcecode.swift; path = "Movie+CastEnums.swift"; sourceTree = "<group>"; };
		80028DD32B66496400091E6A /* Cast.swift */ = {isa = PBXFileReference; fileEncoding = 4; lastKnownFileType = sourcecode.swift; path = Cast.swift; sourceTree = "<group>"; };
		80028DD52B66496400091E6A /* String+Extension.swift */ = {isa = PBXFileReference; fileEncoding = 4; lastKnownFileType = sourcecode.swift; path = "String+Extension.swift"; sourceTree = "<group>"; };
		80028DD72B66496400091E6A /* Color+Extension.swift */ = {isa = PBXFileReference; fileEncoding = 4; lastKnownFileType = sourcecode.swift; path = "Color+Extension.swift"; sourceTree = "<group>"; };
		80028DDA2B66496400091E6A /* SceneDelegate.swift */ = {isa = PBXFileReference; fileEncoding = 4; lastKnownFileType = sourcecode.swift; path = SceneDelegate.swift; sourceTree = "<group>"; };
		80028DDC2B66496400091E6A /* MovieService.swift */ = {isa = PBXFileReference; fileEncoding = 4; lastKnownFileType = sourcecode.swift; path = MovieService.swift; sourceTree = "<group>"; };
		80028DDD2B66496400091E6A /* CastService.swift */ = {isa = PBXFileReference; fileEncoding = 4; lastKnownFileType = sourcecode.swift; path = CastService.swift; sourceTree = "<group>"; };
		80028DE02B66496500091E6A /* HomeInteractor.swift */ = {isa = PBXFileReference; fileEncoding = 4; lastKnownFileType = sourcecode.swift; path = HomeInteractor.swift; sourceTree = "<group>"; };
		80028DE12B66496500091E6A /* HomeViewController.swift */ = {isa = PBXFileReference; fileEncoding = 4; lastKnownFileType = sourcecode.swift; path = HomeViewController.swift; sourceTree = "<group>"; };
		80028DE22B66496500091E6A /* HomeRouter.swift */ = {isa = PBXFileReference; fileEncoding = 4; lastKnownFileType = sourcecode.swift; path = HomeRouter.swift; sourceTree = "<group>"; };
		80028DE42B66496500091E6A /* MovieCell.swift */ = {isa = PBXFileReference; fileEncoding = 4; lastKnownFileType = sourcecode.swift; path = MovieCell.swift; sourceTree = "<group>"; };
		80028DE52B66496500091E6A /* HomePresenter.swift */ = {isa = PBXFileReference; fileEncoding = 4; lastKnownFileType = sourcecode.swift; path = HomePresenter.swift; sourceTree = "<group>"; };
		80028DE62B66496500091E6A /* HomeProtocols.swift */ = {isa = PBXFileReference; fileEncoding = 4; lastKnownFileType = sourcecode.swift; path = HomeProtocols.swift; sourceTree = "<group>"; };
		80028DE82B66496500091E6A /* DetailViewController.swift */ = {isa = PBXFileReference; fileEncoding = 4; lastKnownFileType = sourcecode.swift; path = DetailViewController.swift; sourceTree = "<group>"; };
		80028DE92B66496500091E6A /* DetailPresenter.swift */ = {isa = PBXFileReference; fileEncoding = 4; lastKnownFileType = sourcecode.swift; path = DetailPresenter.swift; sourceTree = "<group>"; };
		80028DEA2B66496500091E6A /* DetailProtocols.swift */ = {isa = PBXFileReference; fileEncoding = 4; lastKnownFileType = sourcecode.swift; path = DetailProtocols.swift; sourceTree = "<group>"; };
		80028DEB2B66496500091E6A /* DetailInteractor.swift */ = {isa = PBXFileReference; fileEncoding = 4; lastKnownFileType = sourcecode.swift; path = DetailInteractor.swift; sourceTree = "<group>"; };
		80028DED2B66496500091E6A /* ShowInfoView.swift */ = {isa = PBXFileReference; fileEncoding = 4; lastKnownFileType = sourcecode.swift; path = ShowInfoView.swift; sourceTree = "<group>"; };
		80028DEE2B66496500091E6A /* CastCell.swift */ = {isa = PBXFileReference; fileEncoding = 4; lastKnownFileType = sourcecode.swift; path = CastCell.swift; sourceTree = "<group>"; };
		80028DEF2B66496500091E6A /* RatingView.swift */ = {isa = PBXFileReference; fileEncoding = 4; lastKnownFileType = sourcecode.swift; path = RatingView.swift; sourceTree = "<group>"; };
		80028DF02B66496500091E6A /* CastView.swift */ = {isa = PBXFileReference; fileEncoding = 4; lastKnownFileType = sourcecode.swift; path = CastView.swift; sourceTree = "<group>"; };
		80028DF12B66496500091E6A /* DescriptionView.swift */ = {isa = PBXFileReference; fileEncoding = 4; lastKnownFileType = sourcecode.swift; path = DescriptionView.swift; sourceTree = "<group>"; };
		80028DF22B66496500091E6A /* DetailRouter.swift */ = {isa = PBXFileReference; fileEncoding = 4; lastKnownFileType = sourcecode.swift; path = DetailRouter.swift; sourceTree = "<group>"; };
		80028DF32B66496500091E6A /* AppDelegate.swift */ = {isa = PBXFileReference; fileEncoding = 4; lastKnownFileType = sourcecode.swift; path = AppDelegate.swift; sourceTree = "<group>"; };
		809854482B60F324002BF40F /* MovieList.app */ = {isa = PBXFileReference; explicitFileType = wrapper.application; includeInIndex = 0; path = MovieList.app; sourceTree = BUILT_PRODUCTS_DIR; };
/* End PBXFileReference section */

/* Begin PBXFrameworksBuildPhase section */
		809854452B60F324002BF40F /* Frameworks */ = {
			isa = PBXFrameworksBuildPhase;
			buildActionMask = 2147483647;
			files = (
				80C4E95D2B64B89C0055D938 /* SDWebImage in Frameworks */,
			);
			runOnlyForDeploymentPostprocessing = 0;
		};
/* End PBXFrameworksBuildPhase section */

/* Begin PBXGroup section */
		80028DCF2B66496400091E6A /* Common */ = {
			isa = PBXGroup;
			children = (
				80028DD02B66496400091E6A /* Models */,
				80028DD42B66496400091E6A /* Extensions */,
				80028DD82B66496400091E6A /* Components */,
				80028DD92B66496400091E6A /* Helpers */,
			);
			path = Common;
			sourceTree = "<group>";
		};
		80028DD02B66496400091E6A /* Models */ = {
			isa = PBXGroup;
			children = (
				80028DD12B66496400091E6A /* Movie.swift */,
				80028DD22B66496400091E6A /* Movie+CastEnums.swift */,
				80028DD32B66496400091E6A /* Cast.swift */,
			);
			path = Models;
			sourceTree = "<group>";
		};
		80028DD42B66496400091E6A /* Extensions */ = {
			isa = PBXGroup;
			children = (
				80028DD52B66496400091E6A /* String+Extension.swift */,
				80028DD72B66496400091E6A /* Color+Extension.swift */,
			);
			path = Extensions;
			sourceTree = "<group>";
		};
		80028DD82B66496400091E6A /* Components */ = {
			isa = PBXGroup;
			children = (
			);
			path = Components;
			sourceTree = "<group>";
		};
		80028DD92B66496400091E6A /* Helpers */ = {
			isa = PBXGroup;
			children = (
			);
			path = Helpers;
			sourceTree = "<group>";
		};
		80028DDB2B66496400091E6A /* Services */ = {
			isa = PBXGroup;
			children = (
				80028DDC2B66496400091E6A /* MovieService.swift */,
				80028DDD2B66496400091E6A /* CastService.swift */,
			);
			path = Services;
			sourceTree = "<group>";
		};
		80028DDE2B66496500091E6A /* Modules */ = {
			isa = PBXGroup;
			children = (
				80028DDF2B66496500091E6A /* HomeModule */,
				80028DE72B66496500091E6A /* DetailModule */,
			);
			path = Modules;
			sourceTree = "<group>";
		};
		80028DDF2B66496500091E6A /* HomeModule */ = {
			isa = PBXGroup;
			children = (
				80028DE32B66496500091E6A /* Components */,
				80028DE02B66496500091E6A /* HomeInteractor.swift */,
				80028DE12B66496500091E6A /* HomeViewController.swift */,
				80028DE22B66496500091E6A /* HomeRouter.swift */,
				80028DE52B66496500091E6A /* HomePresenter.swift */,
				80028DE62B66496500091E6A /* HomeProtocols.swift */,
			);
			path = HomeModule;
			sourceTree = "<group>";
		};
		80028DE32B66496500091E6A /* Components */ = {
			isa = PBXGroup;
			children = (
				80028DE42B66496500091E6A /* MovieCell.swift */,
			);
			path = Components;
			sourceTree = "<group>";
		};
		80028DE72B66496500091E6A /* DetailModule */ = {
			isa = PBXGroup;
			children = (
				80028DEC2B66496500091E6A /* Components */,
				80028DE82B66496500091E6A /* DetailViewController.swift */,
				80028DE92B66496500091E6A /* DetailPresenter.swift */,
				80028DEA2B66496500091E6A /* DetailProtocols.swift */,
				80028DEB2B66496500091E6A /* DetailInteractor.swift */,
				80028DF22B66496500091E6A /* DetailRouter.swift */,
			);
			path = DetailModule;
			sourceTree = "<group>";
		};
		80028DEC2B66496500091E6A /* Components */ = {
			isa = PBXGroup;
			children = (
				80028DED2B66496500091E6A /* ShowInfoView.swift */,
				80028DEE2B66496500091E6A /* CastCell.swift */,
				80028DEF2B66496500091E6A /* RatingView.swift */,
				80028DF02B66496500091E6A /* CastView.swift */,
				80028DF12B66496500091E6A /* DescriptionView.swift */,
			);
			path = Components;
			sourceTree = "<group>";
		};
		80028E0E2B664B6800091E6A /* Application */ = {
			isa = PBXGroup;
			children = (
				80028DF32B66496500091E6A /* AppDelegate.swift */,
				80028DDA2B66496400091E6A /* SceneDelegate.swift */,
			);
			path = Application;
			sourceTree = "<group>";
		};
		8098543F2B60F324002BF40F = {
			isa = PBXGroup;
			children = (
				8098544A2B60F324002BF40F /* MovieList */,
				809854492B60F324002BF40F /* Products */,
			);
			sourceTree = "<group>";
		};
		809854492B60F324002BF40F /* Products */ = {
			isa = PBXGroup;
			children = (
				809854482B60F324002BF40F /* MovieList.app */,
			);
			name = Products;
			sourceTree = "<group>";
		};
		8098544A2B60F324002BF40F /* MovieList */ = {
			isa = PBXGroup;
			children = (
				80028E0E2B664B6800091E6A /* Application */,
				80028DDB2B66496400091E6A /* Services */,
				80028DCF2B66496400091E6A /* Common */,
				80028DDE2B66496500091E6A /* Modules */,
			);
			path = MovieList;
			sourceTree = "<group>";
		};
/* End PBXGroup section */

/* Begin PBXNativeTarget section */
		809854472B60F324002BF40F /* MovieList */ = {
			isa = PBXNativeTarget;
			buildConfigurationList = 8098545C2B60F326002BF40F /* Build configuration list for PBXNativeTarget "MovieList" */;
			buildPhases = (
				809854442B60F324002BF40F /* Sources */,
				809854452B60F324002BF40F /* Frameworks */,
				809854462B60F324002BF40F /* Resources */,
			);
			buildRules = (
			);
			dependencies = (
			);
			name = MovieList;
			packageProductDependencies = (
				80C4E95C2B64B89C0055D938 /* SDWebImage */,
			);
			productName = "MVVM-MovieList";
			productReference = 809854482B60F324002BF40F /* MovieList.app */;
			productType = "com.apple.product-type.application";
		};
/* End PBXNativeTarget section */

/* Begin PBXProject section */
		809854402B60F324002BF40F /* Project object */ = {
			isa = PBXProject;
			attributes = {
				BuildIndependentTargetsInParallel = 1;
				LastSwiftUpdateCheck = 1520;
				LastUpgradeCheck = 1520;
				TargetAttributes = {
					809854472B60F324002BF40F = {
						CreatedOnToolsVersion = 15.2;
					};
				};
			};
			buildConfigurationList = 809854432B60F324002BF40F /* Build configuration list for PBXProject "MovieList" */;
			compatibilityVersion = "Xcode 14.0";
			developmentRegion = en;
			hasScannedForEncodings = 0;
			knownRegions = (
				en,
				Base,
			);
			mainGroup = 8098543F2B60F324002BF40F;
			packageReferences = (
				80C4E95B2B64B89C0055D938 /* XCRemoteSwiftPackageReference "SDWebImage" */,
			);
			productRefGroup = 809854492B60F324002BF40F /* Products */;
			projectDirPath = "";
			projectRoot = "";
			targets = (
				809854472B60F324002BF40F /* MovieList */,
			);
		};
/* End PBXProject section */

/* Begin PBXResourcesBuildPhase section */
		809854462B60F324002BF40F /* Resources */ = {
			isa = PBXResourcesBuildPhase;
			buildActionMask = 2147483647;
			files = (
			);
			runOnlyForDeploymentPostprocessing = 0;
		};
/* End PBXResourcesBuildPhase section */

/* Begin PBXSourcesBuildPhase section */
		809854442B60F324002BF40F /* Sources */ = {
			isa = PBXSourcesBuildPhase;
			buildActionMask = 2147483647;
			files = (
				80028DFE2B66496500091E6A /* HomeViewController.swift in Sources */,
				80028DFB2B66496500091E6A /* MovieService.swift in Sources */,
				80028DFC2B66496500091E6A /* CastService.swift in Sources */,
				80028DFF2B66496500091E6A /* HomeRouter.swift in Sources */,
				80028E082B66496500091E6A /* CastCell.swift in Sources */,
				80028E012B66496500091E6A /* HomePresenter.swift in Sources */,
				80028E072B66496500091E6A /* ShowInfoView.swift in Sources */,
				80028E062B66496500091E6A /* DetailInteractor.swift in Sources */,
				80028DF62B66496500091E6A /* Cast.swift in Sources */,
				80028DF42B66496500091E6A /* Movie.swift in Sources */,
				80028E002B66496500091E6A /* MovieCell.swift in Sources */,
				80028E092B66496500091E6A /* RatingView.swift in Sources */,
				80028E0A2B66496500091E6A /* CastView.swift in Sources */,
				80028E032B66496500091E6A /* DetailViewController.swift in Sources */,
				80028DFD2B66496500091E6A /* HomeInteractor.swift in Sources */,
				80028DF72B66496500091E6A /* String+Extension.swift in Sources */,
				80028E052B66496500091E6A /* DetailProtocols.swift in Sources */,
				80028DF52B66496500091E6A /* Movie+CastEnums.swift in Sources */,
				80028E0C2B66496500091E6A /* DetailRouter.swift in Sources */,
				80028DF92B66496500091E6A /* Color+Extension.swift in Sources */,
				80028E0D2B66496500091E6A /* AppDelegate.swift in Sources */,
				80028DFA2B66496500091E6A /* SceneDelegate.swift in Sources */,
				80028E022B66496500091E6A /* HomeProtocols.swift in Sources */,
				80028E0B2B66496500091E6A /* DescriptionView.swift in Sources */,
				80028E042B66496500091E6A /* DetailPresenter.swift in Sources */,
			);
			runOnlyForDeploymentPostprocessing = 0;
		};
/* End PBXSourcesBuildPhase section */

/* Begin XCBuildConfiguration section */
		8098545A2B60F326002BF40F /* Debug */ = {
			isa = XCBuildConfiguration;
			buildSettings = {
				ALWAYS_SEARCH_USER_PATHS = NO;
				ASSETCATALOG_COMPILER_GENERATE_SWIFT_ASSET_SYMBOL_EXTENSIONS = YES;
				CLANG_ANALYZER_NONNULL = YES;
				CLANG_ANALYZER_NUMBER_OBJECT_CONVERSION = YES_AGGRESSIVE;
				CLANG_CXX_LANGUAGE_STANDARD = "gnu++20";
				CLANG_ENABLE_MODULES = YES;
				CLANG_ENABLE_OBJC_ARC = YES;
				CLANG_ENABLE_OBJC_WEAK = YES;
				CLANG_WARN_BLOCK_CAPTURE_AUTORELEASING = YES;
				CLANG_WARN_BOOL_CONVERSION = YES;
				CLANG_WARN_COMMA = YES;
				CLANG_WARN_CONSTANT_CONVERSION = YES;
				CLANG_WARN_DEPRECATED_OBJC_IMPLEMENTATIONS = YES;
				CLANG_WARN_DIRECT_OBJC_ISA_USAGE = YES_ERROR;
				CLANG_WARN_DOCUMENTATION_COMMENTS = YES;
				CLANG_WARN_EMPTY_BODY = YES;
				CLANG_WARN_ENUM_CONVERSION = YES;
				CLANG_WARN_INFINITE_RECURSION = YES;
				CLANG_WARN_INT_CONVERSION = YES;
				CLANG_WARN_NON_LITERAL_NULL_CONVERSION = YES;
				CLANG_WARN_OBJC_IMPLICIT_RETAIN_SELF = YES;
				CLANG_WARN_OBJC_LITERAL_CONVERSION = YES;
				CLANG_WARN_OBJC_ROOT_CLASS = YES_ERROR;
				CLANG_WARN_QUOTED_INCLUDE_IN_FRAMEWORK_HEADER = YES;
				CLANG_WARN_RANGE_LOOP_ANALYSIS = YES;
				CLANG_WARN_STRICT_PROTOTYPES = YES;
				CLANG_WARN_SUSPICIOUS_MOVE = YES;
				CLANG_WARN_UNGUARDED_AVAILABILITY = YES_AGGRESSIVE;
				CLANG_WARN_UNREACHABLE_CODE = YES;
				CLANG_WARN__DUPLICATE_METHOD_MATCH = YES;
				COPY_PHASE_STRIP = NO;
				DEBUG_INFORMATION_FORMAT = dwarf;
				ENABLE_STRICT_OBJC_MSGSEND = YES;
				ENABLE_TESTABILITY = YES;
				ENABLE_USER_SCRIPT_SANDBOXING = YES;
				GCC_C_LANGUAGE_STANDARD = gnu17;
				GCC_DYNAMIC_NO_PIC = NO;
				GCC_NO_COMMON_BLOCKS = YES;
				GCC_OPTIMIZATION_LEVEL = 0;
				GCC_PREPROCESSOR_DEFINITIONS = (
					"DEBUG=1",
					"$(inherited)",
				);
				GCC_WARN_64_TO_32_BIT_CONVERSION = YES;
				GCC_WARN_ABOUT_RETURN_TYPE = YES_ERROR;
				GCC_WARN_UNDECLARED_SELECTOR = YES;
				GCC_WARN_UNINITIALIZED_AUTOS = YES_AGGRESSIVE;
				GCC_WARN_UNUSED_FUNCTION = YES;
				GCC_WARN_UNUSED_VARIABLE = YES;
				IPHONEOS_DEPLOYMENT_TARGET = 17.0;
				LOCALIZATION_PREFERS_STRING_CATALOGS = YES;
				MTL_ENABLE_DEBUG_INFO = INCLUDE_SOURCE;
				MTL_FAST_MATH = YES;
				ONLY_ACTIVE_ARCH = YES;
				SDKROOT = iphoneos;
				SWIFT_ACTIVE_COMPILATION_CONDITIONS = "DEBUG $(inherited)";
				SWIFT_OPTIMIZATION_LEVEL = "-Onone";
			};
			name = Debug;
		};
		8098545B2B60F326002BF40F /* Release */ = {
			isa = XCBuildConfiguration;
			buildSettings = {
				ALWAYS_SEARCH_USER_PATHS = NO;
				ASSETCATALOG_COMPILER_GENERATE_SWIFT_ASSET_SYMBOL_EXTENSIONS = YES;
				CLANG_ANALYZER_NONNULL = YES;
				CLANG_ANALYZER_NUMBER_OBJECT_CONVERSION = YES_AGGRESSIVE;
				CLANG_CXX_LANGUAGE_STANDARD = "gnu++20";
				CLANG_ENABLE_MODULES = YES;
				CLANG_ENABLE_OBJC_ARC = YES;
				CLANG_ENABLE_OBJC_WEAK = YES;
				CLANG_WARN_BLOCK_CAPTURE_AUTORELEASING = YES;
				CLANG_WARN_BOOL_CONVERSION = YES;
				CLANG_WARN_COMMA = YES;
				CLANG_WARN_CONSTANT_CONVERSION = YES;
				CLANG_WARN_DEPRECATED_OBJC_IMPLEMENTATIONS = YES;
				CLANG_WARN_DIRECT_OBJC_ISA_USAGE = YES_ERROR;
				CLANG_WARN_DOCUMENTATION_COMMENTS = YES;
				CLANG_WARN_EMPTY_BODY = YES;
				CLANG_WARN_ENUM_CONVERSION = YES;
				CLANG_WARN_INFINITE_RECURSION = YES;
				CLANG_WARN_INT_CONVERSION = YES;
				CLANG_WARN_NON_LITERAL_NULL_CONVERSION = YES;
				CLANG_WARN_OBJC_IMPLICIT_RETAIN_SELF = YES;
				CLANG_WARN_OBJC_LITERAL_CONVERSION = YES;
				CLANG_WARN_OBJC_ROOT_CLASS = YES_ERROR;
				CLANG_WARN_QUOTED_INCLUDE_IN_FRAMEWORK_HEADER = YES;
				CLANG_WARN_RANGE_LOOP_ANALYSIS = YES;
				CLANG_WARN_STRICT_PROTOTYPES = YES;
				CLANG_WARN_SUSPICIOUS_MOVE = YES;
				CLANG_WARN_UNGUARDED_AVAILABILITY = YES_AGGRESSIVE;
				CLANG_WARN_UNREACHABLE_CODE = YES;
				CLANG_WARN__DUPLICATE_METHOD_MATCH = YES;
				COPY_PHASE_STRIP = NO;
				DEBUG_INFORMATION_FORMAT = "dwarf-with-dsym";
				ENABLE_NS_ASSERTIONS = NO;
				ENABLE_STRICT_OBJC_MSGSEND = YES;
				ENABLE_USER_SCRIPT_SANDBOXING = YES;
				GCC_C_LANGUAGE_STANDARD = gnu17;
				GCC_NO_COMMON_BLOCKS = YES;
				GCC_WARN_64_TO_32_BIT_CONVERSION = YES;
				GCC_WARN_ABOUT_RETURN_TYPE = YES_ERROR;
				GCC_WARN_UNDECLARED_SELECTOR = YES;
				GCC_WARN_UNINITIALIZED_AUTOS = YES_AGGRESSIVE;
				GCC_WARN_UNUSED_FUNCTION = YES;
				GCC_WARN_UNUSED_VARIABLE = YES;
				IPHONEOS_DEPLOYMENT_TARGET = 17.0;
				LOCALIZATION_PREFERS_STRING_CATALOGS = YES;
				MTL_ENABLE_DEBUG_INFO = NO;
				MTL_FAST_MATH = YES;
				SDKROOT = iphoneos;
				SWIFT_COMPILATION_MODE = wholemodule;
				VALIDATE_PRODUCT = YES;
			};
			name = Release;
		};
		8098545D2B60F326002BF40F /* Debug */ = {
			isa = XCBuildConfiguration;
			buildSettings = {
				ASSETCATALOG_COMPILER_APPICON_NAME = AppIcon;
				ASSETCATALOG_COMPILER_GLOBAL_ACCENT_COLOR_NAME = AccentColor;
				CODE_SIGN_STYLE = Automatic;
				CURRENT_PROJECT_VERSION = 1;
				DEVELOPMENT_TEAM = 8W485969C3;
				GENERATE_INFOPLIST_FILE = YES;
				INFOPLIST_FILE = MovieList/Info.plist;
				INFOPLIST_KEY_UIApplicationSupportsIndirectInputEvents = YES;
				INFOPLIST_KEY_UILaunchStoryboardName = LaunchScreen;
				INFOPLIST_KEY_UISupportedInterfaceOrientations = UIInterfaceOrientationPortrait;
				INFOPLIST_KEY_UISupportedInterfaceOrientations_iPad = "UIInterfaceOrientationLandscapeLeft UIInterfaceOrientationLandscapeRight UIInterfaceOrientationPortrait UIInterfaceOrientationPortraitUpsideDown";
				IPHONEOS_DEPLOYMENT_TARGET = 17.0;
				LD_RUNPATH_SEARCH_PATHS = (
					"$(inherited)",
					"@executable_path/Frameworks",
				);
				MARKETING_VERSION = 1.0;
				PRODUCT_BUNDLE_IDENTIFIER = com.handy.MovieList;
				PRODUCT_NAME = "$(TARGET_NAME)";
				SUPPORTED_PLATFORMS = "iphoneos iphonesimulator";
				SUPPORTS_MACCATALYST = NO;
				SUPPORTS_MAC_DESIGNED_FOR_IPHONE_IPAD = NO;
				SUPPORTS_XR_DESIGNED_FOR_IPHONE_IPAD = NO;
				SWIFT_EMIT_LOC_STRINGS = YES;
				SWIFT_VERSION = 5.0;
				TARGETED_DEVICE_FAMILY = 1;
			};
			name = Debug;
		};
		8098545E2B60F326002BF40F /* Release */ = {
			isa = XCBuildConfiguration;
			buildSettings = {
				ASSETCATALOG_COMPILER_APPICON_NAME = AppIcon;
				ASSETCATALOG_COMPILER_GLOBAL_ACCENT_COLOR_NAME = AccentColor;
				CODE_SIGN_STYLE = Automatic;
				CURRENT_PROJECT_VERSION = 1;
				DEVELOPMENT_TEAM = 8W485969C3;
				GENERATE_INFOPLIST_FILE = YES;
				INFOPLIST_FILE = MovieList/Info.plist;
				INFOPLIST_KEY_UIApplicationSupportsIndirectInputEvents = YES;
				INFOPLIST_KEY_UILaunchStoryboardName = LaunchScreen;
				INFOPLIST_KEY_UISupportedInterfaceOrientations = UIInterfaceOrientationPortrait;
				INFOPLIST_KEY_UISupportedInterfaceOrientations_iPad = "UIInterfaceOrientationLandscapeLeft UIInterfaceOrientationLandscapeRight UIInterfaceOrientationPortrait UIInterfaceOrientationPortraitUpsideDown";
				IPHONEOS_DEPLOYMENT_TARGET = 17.0;
				LD_RUNPATH_SEARCH_PATHS = (
					"$(inherited)",
					"@executable_path/Frameworks",
				);
				MARKETING_VERSION = 1.0;
				PRODUCT_BUNDLE_IDENTIFIER = com.handy.MovieList;
				PRODUCT_NAME = "$(TARGET_NAME)";
				SUPPORTED_PLATFORMS = "iphoneos iphonesimulator";
				SUPPORTS_MACCATALYST = NO;
				SUPPORTS_MAC_DESIGNED_FOR_IPHONE_IPAD = NO;
				SUPPORTS_XR_DESIGNED_FOR_IPHONE_IPAD = NO;
				SWIFT_EMIT_LOC_STRINGS = YES;
				SWIFT_VERSION = 5.0;
				TARGETED_DEVICE_FAMILY = 1;
			};
			name = Release;
		};
/* End XCBuildConfiguration section */

/* Begin XCConfigurationList section */
		809854432B60F324002BF40F /* Build configuration list for PBXProject "MovieList" */ = {
			isa = XCConfigurationList;
			buildConfigurations = (
				8098545A2B60F326002BF40F /* Debug */,
				8098545B2B60F326002BF40F /* Release */,
			);
			defaultConfigurationIsVisible = 0;
			defaultConfigurationName = Release;
		};
		8098545C2B60F326002BF40F /* Build configuration list for PBXNativeTarget "MovieList" */ = {
			isa = XCConfigurationList;
			buildConfigurations = (
				8098545D2B60F326002BF40F /* Debug */,
				8098545E2B60F326002BF40F /* Release */,
			);
			defaultConfigurationIsVisible = 0;
			defaultConfigurationName = Release;
		};
/* End XCConfigurationList section */

/* Begin XCRemoteSwiftPackageReference section */
		80C4E95B2B64B89C0055D938 /* XCRemoteSwiftPackageReference "SDWebImage" */ = {
			isa = XCRemoteSwiftPackageReference;
			repositoryURL = "https://github.com/SDWebImage/SDWebImage";
			requirement = {
				kind = upToNextMajorVersion;
				minimumVersion = 5.18.10;
			};
		};
/* End XCRemoteSwiftPackageReference section */

/* Begin XCSwiftPackageProductDependency section */
		80C4E95C2B64B89C0055D938 /* SDWebImage */ = {
			isa = XCSwiftPackageProductDependency;
			package = 80C4E95B2B64B89C0055D938 /* XCRemoteSwiftPackageReference "SDWebImage" */;
			productName = SDWebImage;
		};
/* End XCSwiftPackageProductDependency section */
	};
	rootObject = 809854402B60F324002BF40F /* Project object */;
}
