// !$*UTF8*$!
{
	archiveVersion = 1;
	classes = {
	};
	objectVersion = 56;
	objects = {

/* Begin PBXBuildFile section */
		80028D822B6623B900091E6A /* RatingView.swift in Sources */ = {isa = PBXBuildFile; fileRef = 80028D7D2B6623B900091E6A /* RatingView.swift */; };
		80028D832B6623B900091E6A /* CastCell.swift in Sources */ = {isa = PBXBuildFile; fileRef = 80028D7E2B6623B900091E6A /* CastCell.swift */; };
		80028D842B6623B900091E6A /* ShowInfoView.swift in Sources */ = {isa = PBXBuildFile; fileRef = 80028D7F2B6623B900091E6A /* ShowInfoView.swift */; };
		80028D852B6623B900091E6A /* CastView.swift in Sources */ = {isa = PBXBuildFile; fileRef = 80028D802B6623B900091E6A /* CastView.swift */; };
		80028D862B6623B900091E6A /* DescriptionView.swift in Sources */ = {isa = PBXBuildFile; fileRef = 80028D812B6623B900091E6A /* DescriptionView.swift */; };
		80028D892B6623F300091E6A /* String+Extension.swift in Sources */ = {isa = PBXBuildFile; fileRef = 80028D872B6623F300091E6A /* String+Extension.swift */; };
		80028D8A2B6623F300091E6A /* Color+Extension.swift in Sources */ = {isa = PBXBuildFile; fileRef = 80028D882B6623F300091E6A /* Color+Extension.swift */; };
		8098544C2B60F324002BF40F /* AppDelegate.swift in Sources */ = {isa = PBXBuildFile; fileRef = 8098544B2B60F324002BF40F /* AppDelegate.swift */; };
		8098544E2B60F324002BF40F /* SceneDelegate.swift in Sources */ = {isa = PBXBuildFile; fileRef = 8098544D2B60F324002BF40F /* SceneDelegate.swift */; };
		809939DD2B60F4C800AC2C7E /* HomeViewController.swift in Sources */ = {isa = PBXBuildFile; fileRef = 809939BF2B60F4C800AC2C7E /* HomeViewController.swift */; };
		809939DE2B60F4C800AC2C7E /* DetailViewController.swift in Sources */ = {isa = PBXBuildFile; fileRef = 809939C42B60F4C800AC2C7E /* DetailViewController.swift */; };
		809939DF2B60F4C800AC2C7E /* CastRepositoryProtocol.swift in Sources */ = {isa = PBXBuildFile; fileRef = 809939C82B60F4C800AC2C7E /* CastRepositoryProtocol.swift */; };
		809939E02B60F4C800AC2C7E /* MovieRepositoryProtocol.swift in Sources */ = {isa = PBXBuildFile; fileRef = 809939C92B60F4C800AC2C7E /* MovieRepositoryProtocol.swift */; };
		809939E12B60F4C800AC2C7E /* Movie.swift in Sources */ = {isa = PBXBuildFile; fileRef = 809939CB2B60F4C800AC2C7E /* Movie.swift */; };
		809939E22B60F4C800AC2C7E /* Movie+Enums.swift in Sources */ = {isa = PBXBuildFile; fileRef = 809939CC2B60F4C800AC2C7E /* Movie+Enums.swift */; };
		809939E32B60F4C800AC2C7E /* Cast.swift in Sources */ = {isa = PBXBuildFile; fileRef = 809939CD2B60F4C800AC2C7E /* Cast.swift */; };
		809939E42B60F4C800AC2C7E /* Assets.xcassets in Resources */ = {isa = PBXBuildFile; fileRef = 809939D42B60F4C800AC2C7E /* Assets.xcassets */; };
		809939E62B60F4C800AC2C7E /* NetworkManager.swift in Sources */ = {isa = PBXBuildFile; fileRef = 809939DB2B60F4C800AC2C7E /* NetworkManager.swift */; };
		809939EF2B61148200AC2C7E /* MovieDTO.swift in Sources */ = {isa = PBXBuildFile; fileRef = 809939EE2B61148200AC2C7E /* MovieDTO.swift */; };
		809939F32B61149300AC2C7E /* CastDTO.swift in Sources */ = {isa = PBXBuildFile; fileRef = 809939F22B61149300AC2C7E /* CastDTO.swift */; };
		809939F62B6114BB00AC2C7E /* CastDTOMapper.swift in Sources */ = {isa = PBXBuildFile; fileRef = 809939F52B6114BB00AC2C7E /* CastDTOMapper.swift */; };
		809939F82B6114C600AC2C7E /* MovieDTOMapper.swift in Sources */ = {isa = PBXBuildFile; fileRef = 809939F72B6114C600AC2C7E /* MovieDTOMapper.swift */; };
		809939FA2B611CC400AC2C7E /* CastRepository.swift in Sources */ = {isa = PBXBuildFile; fileRef = 809939F92B611CC400AC2C7E /* CastRepository.swift */; };
		809939FE2B611DF300AC2C7E /* MovieDataSourceProtocol.swift in Sources */ = {isa = PBXBuildFile; fileRef = 809939FD2B611DF300AC2C7E /* MovieDataSourceProtocol.swift */; };
		80993A002B611DFB00AC2C7E /* MovieDataSource.swift in Sources */ = {isa = PBXBuildFile; fileRef = 809939FF2B611DFB00AC2C7E /* MovieDataSource.swift */; };
		80993A022B611E2800AC2C7E /* CastDataSourceProtocol.swift in Sources */ = {isa = PBXBuildFile; fileRef = 80993A012B611E2800AC2C7E /* CastDataSourceProtocol.swift */; };
		80993A042B611E4A00AC2C7E /* CastDataSource.swift in Sources */ = {isa = PBXBuildFile; fileRef = 80993A032B611E4A00AC2C7E /* CastDataSource.swift */; };
		80A3CF0E2B629FD8006462B0 /* HomeViewModel.swift in Sources */ = {isa = PBXBuildFile; fileRef = 80A3CF0D2B629FD8006462B0 /* HomeViewModel.swift */; };
		80A3CF102B62A011006462B0 /* FetchMovieListsUseCase.swift in Sources */ = {isa = PBXBuildFile; fileRef = 80A3CF0F2B62A011006462B0 /* FetchMovieListsUseCase.swift */; };
		80A3CF122B62A021006462B0 /* FetchMovieListsUseCaseProtocol.swift in Sources */ = {isa = PBXBuildFile; fileRef = 80A3CF112B62A021006462B0 /* FetchMovieListsUseCaseProtocol.swift */; };
		80A3CF142B62A1FE006462B0 /* MovieRepository.swift in Sources */ = {isa = PBXBuildFile; fileRef = 80A3CF132B62A1FE006462B0 /* MovieRepository.swift */; };
		80C4E95A2B64950B0055D938 /* MovieCell.swift in Sources */ = {isa = PBXBuildFile; fileRef = 80C4E9592B64950B0055D938 /* MovieCell.swift */; };
		80C4E95D2B64B89C0055D938 /* SDWebImage in Frameworks */ = {isa = PBXBuildFile; productRef = 80C4E95C2B64B89C0055D938 /* SDWebImage */; };
		80D089F32B623D88007B757A /* FetchCastListsUseCase.swift in Sources */ = {isa = PBXBuildFile; fileRef = 80D089F22B623D88007B757A /* FetchCastListsUseCase.swift */; };
		80D089F52B623D92007B757A /* FetchCastListsUseCaseProtocol.swift in Sources */ = {isa = PBXBuildFile; fileRef = 80D089F42B623D92007B757A /* FetchCastListsUseCaseProtocol.swift */; };
		80D089F72B623DD6007B757A /* DetailViewModel.swift in Sources */ = {isa = PBXBuildFile; fileRef = 80D089F62B623DD6007B757A /* DetailViewModel.swift */; };
/* End PBXBuildFile section */

/* Begin PBXFileReference section */
		80028D7D2B6623B900091E6A /* RatingView.swift */ = {isa = PBXFileReference; fileEncoding = 4; lastKnownFileType = sourcecode.swift; path = RatingView.swift; sourceTree = "<group>"; };
		80028D7E2B6623B900091E6A /* CastCell.swift */ = {isa = PBXFileReference; fileEncoding = 4; lastKnownFileType = sourcecode.swift; path = CastCell.swift; sourceTree = "<group>"; };
		80028D7F2B6623B900091E6A /* ShowInfoView.swift */ = {isa = PBXFileReference; fileEncoding = 4; lastKnownFileType = sourcecode.swift; path = ShowInfoView.swift; sourceTree = "<group>"; };
		80028D802B6623B900091E6A /* CastView.swift */ = {isa = PBXFileReference; fileEncoding = 4; lastKnownFileType = sourcecode.swift; path = CastView.swift; sourceTree = "<group>"; };
		80028D812B6623B900091E6A /* DescriptionView.swift */ = {isa = PBXFileReference; fileEncoding = 4; lastKnownFileType = sourcecode.swift; path = DescriptionView.swift; sourceTree = "<group>"; };
		80028D872B6623F300091E6A /* String+Extension.swift */ = {isa = PBXFileReference; fileEncoding = 4; lastKnownFileType = sourcecode.swift; path = "String+Extension.swift"; sourceTree = "<group>"; };
		80028D882B6623F300091E6A /* Color+Extension.swift */ = {isa = PBXFileReference; fileEncoding = 4; lastKnownFileType = sourcecode.swift; path = "Color+Extension.swift"; sourceTree = "<group>"; };
		809854482B60F324002BF40F /* MovieList.app */ = {isa = PBXFileReference; explicitFileType = wrapper.application; includeInIndex = 0; path = MovieList.app; sourceTree = BUILT_PRODUCTS_DIR; };
		8098544B2B60F324002BF40F /* AppDelegate.swift */ = {isa = PBXFileReference; lastKnownFileType = sourcecode.swift; path = AppDelegate.swift; sourceTree = "<group>"; };
		8098544D2B60F324002BF40F /* SceneDelegate.swift */ = {isa = PBXFileReference; lastKnownFileType = sourcecode.swift; path = SceneDelegate.swift; sourceTree = "<group>"; };
		809939BF2B60F4C800AC2C7E /* HomeViewController.swift */ = {isa = PBXFileReference; fileEncoding = 4; lastKnownFileType = sourcecode.swift; path = HomeViewController.swift; sourceTree = "<group>"; };
		809939C42B60F4C800AC2C7E /* DetailViewController.swift */ = {isa = PBXFileReference; fileEncoding = 4; lastKnownFileType = sourcecode.swift; path = DetailViewController.swift; sourceTree = "<group>"; };
		809939C82B60F4C800AC2C7E /* CastRepositoryProtocol.swift */ = {isa = PBXFileReference; fileEncoding = 4; lastKnownFileType = sourcecode.swift; path = CastRepositoryProtocol.swift; sourceTree = "<group>"; };
		809939C92B60F4C800AC2C7E /* MovieRepositoryProtocol.swift */ = {isa = PBXFileReference; fileEncoding = 4; lastKnownFileType = sourcecode.swift; path = MovieRepositoryProtocol.swift; sourceTree = "<group>"; };
		809939CB2B60F4C800AC2C7E /* Movie.swift */ = {isa = PBXFileReference; fileEncoding = 4; lastKnownFileType = sourcecode.swift; path = Movie.swift; sourceTree = "<group>"; };
		809939CC2B60F4C800AC2C7E /* Movie+Enums.swift */ = {isa = PBXFileReference; fileEncoding = 4; lastKnownFileType = sourcecode.swift; path = "Movie+Enums.swift"; sourceTree = "<group>"; };
		809939CD2B60F4C800AC2C7E /* Cast.swift */ = {isa = PBXFileReference; fileEncoding = 4; lastKnownFileType = sourcecode.swift; path = Cast.swift; sourceTree = "<group>"; };
		809939D42B60F4C800AC2C7E /* Assets.xcassets */ = {isa = PBXFileReference; lastKnownFileType = folder.assetcatalog; path = Assets.xcassets; sourceTree = "<group>"; };
		809939D52B60F4C800AC2C7E /* Info.plist */ = {isa = PBXFileReference; fileEncoding = 4; lastKnownFileType = text.plist.xml; path = Info.plist; sourceTree = "<group>"; };
		809939DB2B60F4C800AC2C7E /* NetworkManager.swift */ = {isa = PBXFileReference; fileEncoding = 4; lastKnownFileType = sourcecode.swift; path = NetworkManager.swift; sourceTree = "<group>"; };
		809939EE2B61148200AC2C7E /* MovieDTO.swift */ = {isa = PBXFileReference; lastKnownFileType = sourcecode.swift; path = MovieDTO.swift; sourceTree = "<group>"; };
		809939F22B61149300AC2C7E /* CastDTO.swift */ = {isa = PBXFileReference; lastKnownFileType = sourcecode.swift; path = CastDTO.swift; sourceTree = "<group>"; };
		809939F52B6114BB00AC2C7E /* CastDTOMapper.swift */ = {isa = PBXFileReference; lastKnownFileType = sourcecode.swift; path = CastDTOMapper.swift; sourceTree = "<group>"; };
		809939F72B6114C600AC2C7E /* MovieDTOMapper.swift */ = {isa = PBXFileReference; lastKnownFileType = sourcecode.swift; path = MovieDTOMapper.swift; sourceTree = "<group>"; };
		809939F92B611CC400AC2C7E /* CastRepository.swift */ = {isa = PBXFileReference; lastKnownFileType = sourcecode.swift; path = CastRepository.swift; sourceTree = "<group>"; };
		809939FD2B611DF300AC2C7E /* MovieDataSourceProtocol.swift */ = {isa = PBXFileReference; lastKnownFileType = sourcecode.swift; path = MovieDataSourceProtocol.swift; sourceTree = "<group>"; };
		809939FF2B611DFB00AC2C7E /* MovieDataSource.swift */ = {isa = PBXFileReference; lastKnownFileType = sourcecode.swift; path = MovieDataSource.swift; sourceTree = "<group>"; };
		80993A012B611E2800AC2C7E /* CastDataSourceProtocol.swift */ = {isa = PBXFileReference; lastKnownFileType = sourcecode.swift; path = CastDataSourceProtocol.swift; sourceTree = "<group>"; };
		80993A032B611E4A00AC2C7E /* CastDataSource.swift */ = {isa = PBXFileReference; lastKnownFileType = sourcecode.swift; path = CastDataSource.swift; sourceTree = "<group>"; };
		80A3CF0D2B629FD8006462B0 /* HomeViewModel.swift */ = {isa = PBXFileReference; lastKnownFileType = sourcecode.swift; path = HomeViewModel.swift; sourceTree = "<group>"; };
		80A3CF0F2B62A011006462B0 /* FetchMovieListsUseCase.swift */ = {isa = PBXFileReference; lastKnownFileType = sourcecode.swift; path = FetchMovieListsUseCase.swift; sourceTree = "<group>"; };
		80A3CF112B62A021006462B0 /* FetchMovieListsUseCaseProtocol.swift */ = {isa = PBXFileReference; lastKnownFileType = sourcecode.swift; path = FetchMovieListsUseCaseProtocol.swift; sourceTree = "<group>"; };
		80A3CF132B62A1FE006462B0 /* MovieRepository.swift */ = {isa = PBXFileReference; lastKnownFileType = sourcecode.swift; path = MovieRepository.swift; sourceTree = "<group>"; };
		80C4E9592B64950B0055D938 /* MovieCell.swift */ = {isa = PBXFileReference; lastKnownFileType = sourcecode.swift; path = MovieCell.swift; sourceTree = "<group>"; };
		80D089F22B623D88007B757A /* FetchCastListsUseCase.swift */ = {isa = PBXFileReference; lastKnownFileType = sourcecode.swift; path = FetchCastListsUseCase.swift; sourceTree = "<group>"; };
		80D089F42B623D92007B757A /* FetchCastListsUseCaseProtocol.swift */ = {isa = PBXFileReference; lastKnownFileType = sourcecode.swift; path = FetchCastListsUseCaseProtocol.swift; sourceTree = "<group>"; };
		80D089F62B623DD6007B757A /* DetailViewModel.swift */ = {isa = PBXFileReference; lastKnownFileType = sourcecode.swift; path = DetailViewModel.swift; sourceTree = "<group>"; };
/* End PBXFileReference section */

/* Begin PBXFrameworksBuildPhase section */
		809854452B60F324002BF40F /* Frameworks */ = {
			isa = PBXFrameworksBuildPhase;
			buildActionMask = 2147483647;
			files = (
				80C4E95D2B64B89C0055D938 /* SDWebImage in Frameworks */,
			);
			runOnlyForDeploymentPostprocessing = 0;
		};
/* End PBXFrameworksBuildPhase section */

/* Begin PBXGroup section */
		8098543F2B60F324002BF40F = {
			isa = PBXGroup;
			children = (
				8098544A2B60F324002BF40F /* MovieList */,
				809854492B60F324002BF40F /* Products */,
			);
			sourceTree = "<group>";
		};
		809854492B60F324002BF40F /* Products */ = {
			isa = PBXGroup;
			children = (
				809854482B60F324002BF40F /* MovieList.app */,
			);
			name = Products;
			sourceTree = "<group>";
		};
		8098544A2B60F324002BF40F /* MovieList */ = {
			isa = PBXGroup;
			children = (
				809854672B60F381002BF40F /* Application */,
				809939D22B60F4C800AC2C7E /* Config */,
				809939D12B60F4C800AC2C7E /* Core */,
				809939BB2B60F4C800AC2C7E /* Feature */,
			);
			path = MovieList;
			sourceTree = "<group>";
		};
		809854672B60F381002BF40F /* Application */ = {
			isa = PBXGroup;
			children = (
				8098544B2B60F324002BF40F /* AppDelegate.swift */,
				8098544D2B60F324002BF40F /* SceneDelegate.swift */,
			);
			path = Application;
			sourceTree = "<group>";
		};
		809939BB2B60F4C800AC2C7E /* Feature */ = {
			isa = PBXGroup;
			children = (
				809939E82B60F9AE00AC2C7E /* MovieScene */,
			);
			path = Feature;
			sourceTree = "<group>";
		};
		809939BC2B60F4C800AC2C7E /* Home */ = {
			isa = PBXGroup;
			children = (
				809939BD2B60F4C800AC2C7E /* ViewModel */,
				809939BE2B60F4C800AC2C7E /* Views */,
			);
			path = Home;
			sourceTree = "<group>";
		};
		809939BD2B60F4C800AC2C7E /* ViewModel */ = {
			isa = PBXGroup;
			children = (
				80A3CF0D2B629FD8006462B0 /* HomeViewModel.swift */,
			);
			path = ViewModel;
			sourceTree = "<group>";
		};
		809939BE2B60F4C800AC2C7E /* Views */ = {
			isa = PBXGroup;
			children = (
				809939BF2B60F4C800AC2C7E /* HomeViewController.swift */,
				809939C02B60F4C800AC2C7E /* Components */,
			);
			path = Views;
			sourceTree = "<group>";
		};
		809939C02B60F4C800AC2C7E /* Components */ = {
			isa = PBXGroup;
			children = (
				80C4E9582B6494FB0055D938 /* Cells */,
			);
			path = Components;
			sourceTree = "<group>";
		};
		809939C12B60F4C800AC2C7E /* Detail */ = {
			isa = PBXGroup;
			children = (
				809939C22B60F4C800AC2C7E /* ViewModel */,
				809939C32B60F4C800AC2C7E /* Views */,
			);
			path = Detail;
			sourceTree = "<group>";
		};
		809939C22B60F4C800AC2C7E /* ViewModel */ = {
			isa = PBXGroup;
			children = (
				80D089F62B623DD6007B757A /* DetailViewModel.swift */,
			);
			path = ViewModel;
			sourceTree = "<group>";
		};
		809939C32B60F4C800AC2C7E /* Views */ = {
			isa = PBXGroup;
			children = (
				809939C42B60F4C800AC2C7E /* DetailViewController.swift */,
				809939C52B60F4C800AC2C7E /* Components */,
			);
			path = Views;
			sourceTree = "<group>";
		};
		809939C52B60F4C800AC2C7E /* Components */ = {
			isa = PBXGroup;
			children = (
				80028D7E2B6623B900091E6A /* CastCell.swift */,
				80028D802B6623B900091E6A /* CastView.swift */,
				80028D812B6623B900091E6A /* DescriptionView.swift */,
				80028D7D2B6623B900091E6A /* RatingView.swift */,
				80028D7F2B6623B900091E6A /* ShowInfoView.swift */,
			);
			path = Components;
			sourceTree = "<group>";
		};
		809939C62B60F4C800AC2C7E /* Domain */ = {
			isa = PBXGroup;
			children = (
				809939C72B60F4C800AC2C7E /* Repository */,
				809939CA2B60F4C800AC2C7E /* Entity */,
				809939CE2B60F4C800AC2C7E /* UseCases */,
			);
			path = Domain;
			sourceTree = "<group>";
		};
		809939C72B60F4C800AC2C7E /* Repository */ = {
			isa = PBXGroup;
			children = (
				809939C82B60F4C800AC2C7E /* CastRepositoryProtocol.swift */,
				809939C92B60F4C800AC2C7E /* MovieRepositoryProtocol.swift */,
			);
			path = Repository;
			sourceTree = "<group>";
		};
		809939CA2B60F4C800AC2C7E /* Entity */ = {
			isa = PBXGroup;
			children = (
				809939CB2B60F4C800AC2C7E /* Movie.swift */,
				809939CC2B60F4C800AC2C7E /* Movie+Enums.swift */,
				809939CD2B60F4C800AC2C7E /* Cast.swift */,
			);
			path = Entity;
			sourceTree = "<group>";
		};
		809939CE2B60F4C800AC2C7E /* UseCases */ = {
			isa = PBXGroup;
			children = (
				809939CF2B60F4C800AC2C7E /* FetchMovieListsUseCase */,
				809939D02B60F4C800AC2C7E /* FetchCastListsUseCase */,
			);
			path = UseCases;
			sourceTree = "<group>";
		};
		809939CF2B60F4C800AC2C7E /* FetchMovieListsUseCase */ = {
			isa = PBXGroup;
			children = (
				80A3CF0F2B62A011006462B0 /* FetchMovieListsUseCase.swift */,
				80A3CF112B62A021006462B0 /* FetchMovieListsUseCaseProtocol.swift */,
			);
			path = FetchMovieListsUseCase;
			sourceTree = "<group>";
		};
		809939D02B60F4C800AC2C7E /* FetchCastListsUseCase */ = {
			isa = PBXGroup;
			children = (
				80D089F22B623D88007B757A /* FetchCastListsUseCase.swift */,
				80D089F42B623D92007B757A /* FetchCastListsUseCaseProtocol.swift */,
			);
			path = FetchCastListsUseCase;
			sourceTree = "<group>";
		};
		809939D12B60F4C800AC2C7E /* Core */ = {
			isa = PBXGroup;
			children = (
				809939E72B60F61C00AC2C7E /* Presentations */,
				809939D92B60F4C800AC2C7E /* Utilities */,
			);
			path = Core;
			sourceTree = "<group>";
		};
		809939D22B60F4C800AC2C7E /* Config */ = {
			isa = PBXGroup;
			children = (
				809939D32B60F4C800AC2C7E /* Resources */,
				809939D62B60F4C800AC2C7E /* Themes */,
			);
			path = Config;
			sourceTree = "<group>";
		};
		809939D32B60F4C800AC2C7E /* Resources */ = {
			isa = PBXGroup;
			children = (
				809939D42B60F4C800AC2C7E /* Assets.xcassets */,
				809939D52B60F4C800AC2C7E /* Info.plist */,
			);
			path = Resources;
			sourceTree = "<group>";
		};
		809939D62B60F4C800AC2C7E /* Themes */ = {
			isa = PBXGroup;
			children = (
			);
			path = Themes;
			sourceTree = "<group>";
		};
		809939D82B60F4C800AC2C7E /* Extensions */ = {
			isa = PBXGroup;
			children = (
				80028D882B6623F300091E6A /* Color+Extension.swift */,
				80028D872B6623F300091E6A /* String+Extension.swift */,
			);
			path = Extensions;
			sourceTree = "<group>";
		};
		809939D92B60F4C800AC2C7E /* Utilities */ = {
			isa = PBXGroup;
			children = (
				809939DA2B60F4C800AC2C7E /* Networking */,
			);
			path = Utilities;
			sourceTree = "<group>";
		};
		809939DA2B60F4C800AC2C7E /* Networking */ = {
			isa = PBXGroup;
			children = (
				809939DB2B60F4C800AC2C7E /* NetworkManager.swift */,
			);
			path = Networking;
			sourceTree = "<group>";
		};
		809939E72B60F61C00AC2C7E /* Presentations */ = {
			isa = PBXGroup;
			children = (
				809939D82B60F4C800AC2C7E /* Extensions */,
			);
			path = Presentations;
			sourceTree = "<group>";
		};
		809939E82B60F9AE00AC2C7E /* MovieScene */ = {
			isa = PBXGroup;
			children = (
				809939C62B60F4C800AC2C7E /* Domain */,
				809939E92B60F9D000AC2C7E /* Data */,
				809939EA2B60F9D300AC2C7E /* Presentation */,
			);
			path = MovieScene;
			sourceTree = "<group>";
		};
		809939E92B60F9D000AC2C7E /* Data */ = {
			isa = PBXGroup;
			children = (
				809939ED2B61147400AC2C7E /* DataTransferObject */,
				809939EB2B60F9F300AC2C7E /* DataSources */,
				809939EC2B610A4400AC2C7E /* Repository */,
			);
			path = Data;
			sourceTree = "<group>";
		};
		809939EA2B60F9D300AC2C7E /* Presentation */ = {
			isa = PBXGroup;
			children = (
				809939BC2B60F4C800AC2C7E /* Home */,
				809939C12B60F4C800AC2C7E /* Detail */,
			);
			path = Presentation;
			sourceTree = "<group>";
		};
		809939EB2B60F9F300AC2C7E /* DataSources */ = {
			isa = PBXGroup;
			children = (
				809939FC2B611DDD00AC2C7E /* Movie */,
				809939FB2B611DDB00AC2C7E /* Cast */,
			);
			path = DataSources;
			sourceTree = "<group>";
		};
		809939EC2B610A4400AC2C7E /* Repository */ = {
			isa = PBXGroup;
			children = (
				809939F92B611CC400AC2C7E /* CastRepository.swift */,
				80A3CF132B62A1FE006462B0 /* MovieRepository.swift */,
			);
			path = Repository;
			sourceTree = "<group>";
		};
		809939ED2B61147400AC2C7E /* DataTransferObject */ = {
			isa = PBXGroup;
			children = (
				809939F12B61148900AC2C7E /* Cast */,
				809939F02B61148600AC2C7E /* Movie */,
			);
			path = DataTransferObject;
			sourceTree = "<group>";
		};
		809939F02B61148600AC2C7E /* Movie */ = {
			isa = PBXGroup;
			children = (
				809939EE2B61148200AC2C7E /* MovieDTO.swift */,
				809939F72B6114C600AC2C7E /* MovieDTOMapper.swift */,
			);
			path = Movie;
			sourceTree = "<group>";
		};
		809939F12B61148900AC2C7E /* Cast */ = {
			isa = PBXGroup;
			children = (
				809939F22B61149300AC2C7E /* CastDTO.swift */,
				809939F52B6114BB00AC2C7E /* CastDTOMapper.swift */,
			);
			path = Cast;
			sourceTree = "<group>";
		};
		809939FB2B611DDB00AC2C7E /* Cast */ = {
			isa = PBXGroup;
			children = (
				80993A012B611E2800AC2C7E /* CastDataSourceProtocol.swift */,
				80993A032B611E4A00AC2C7E /* CastDataSource.swift */,
			);
			path = Cast;
			sourceTree = "<group>";
		};
		809939FC2B611DDD00AC2C7E /* Movie */ = {
			isa = PBXGroup;
			children = (
				809939FD2B611DF300AC2C7E /* MovieDataSourceProtocol.swift */,
				809939FF2B611DFB00AC2C7E /* MovieDataSource.swift */,
			);
			path = Movie;
			sourceTree = "<group>";
		};
		80C4E9582B6494FB0055D938 /* Cells */ = {
			isa = PBXGroup;
			children = (
				80C4E9592B64950B0055D938 /* MovieCell.swift */,
			);
			path = Cells;
			sourceTree = "<group>";
		};
/* End PBXGroup section */

/* Begin PBXNativeTarget section */
		809854472B60F324002BF40F /* MovieList */ = {
			isa = PBXNativeTarget;
			buildConfigurationList = 8098545C2B60F326002BF40F /* Build configuration list for PBXNativeTarget "MovieList" */;
			buildPhases = (
				809854442B60F324002BF40F /* Sources */,
				809854452B60F324002BF40F /* Frameworks */,
				809854462B60F324002BF40F /* Resources */,
			);
			buildRules = (
			);
			dependencies = (
			);
			name = MovieList;
			packageProductDependencies = (
				80C4E95C2B64B89C0055D938 /* SDWebImage */,
			);
			productName = "MVVM-MovieList";
			productReference = 809854482B60F324002BF40F /* MovieList.app */;
			productType = "com.apple.product-type.application";
		};
/* End PBXNativeTarget section */

/* Begin PBXProject section */
		809854402B60F324002BF40F /* Project object */ = {
			isa = PBXProject;
			attributes = {
				BuildIndependentTargetsInParallel = 1;
				LastSwiftUpdateCheck = 1520;
				LastUpgradeCheck = 1520;
				TargetAttributes = {
					809854472B60F324002BF40F = {
						CreatedOnToolsVersion = 15.2;
					};
				};
			};
			buildConfigurationList = 809854432B60F324002BF40F /* Build configuration list for PBXProject "MovieList" */;
			compatibilityVersion = "Xcode 14.0";
			developmentRegion = en;
			hasScannedForEncodings = 0;
			knownRegions = (
				en,
				Base,
			);
			mainGroup = 8098543F2B60F324002BF40F;
			packageReferences = (
				80C4E95B2B64B89C0055D938 /* XCRemoteSwiftPackageReference "SDWebImage" */,
			);
			productRefGroup = 809854492B60F324002BF40F /* Products */;
			projectDirPath = "";
			projectRoot = "";
			targets = (
				809854472B60F324002BF40F /* MovieList */,
			);
		};
/* End PBXProject section */

/* Begin PBXResourcesBuildPhase section */
		809854462B60F324002BF40F /* Resources */ = {
			isa = PBXResourcesBuildPhase;
			buildActionMask = 2147483647;
			files = (
				809939E42B60F4C800AC2C7E /* Assets.xcassets in Resources */,
			);
			runOnlyForDeploymentPostprocessing = 0;
		};
/* End PBXResourcesBuildPhase section */

/* Begin PBXSourcesBuildPhase section */
		809854442B60F324002BF40F /* Sources */ = {
			isa = PBXSourcesBuildPhase;
			buildActionMask = 2147483647;
			files = (
				809939F62B6114BB00AC2C7E /* CastDTOMapper.swift in Sources */,
				80028D892B6623F300091E6A /* String+Extension.swift in Sources */,
				809939E12B60F4C800AC2C7E /* Movie.swift in Sources */,
				80C4E95A2B64950B0055D938 /* MovieCell.swift in Sources */,
				809939E32B60F4C800AC2C7E /* Cast.swift in Sources */,
				80993A042B611E4A00AC2C7E /* CastDataSource.swift in Sources */,
				80993A022B611E2800AC2C7E /* CastDataSourceProtocol.swift in Sources */,
				80028D832B6623B900091E6A /* CastCell.swift in Sources */,
				80A3CF0E2B629FD8006462B0 /* HomeViewModel.swift in Sources */,
				809939F82B6114C600AC2C7E /* MovieDTOMapper.swift in Sources */,
				809939E62B60F4C800AC2C7E /* NetworkManager.swift in Sources */,
				809939FE2B611DF300AC2C7E /* MovieDataSourceProtocol.swift in Sources */,
				80028D842B6623B900091E6A /* ShowInfoView.swift in Sources */,
				80028D852B6623B900091E6A /* CastView.swift in Sources */,
				809939EF2B61148200AC2C7E /* MovieDTO.swift in Sources */,
				80D089F72B623DD6007B757A /* DetailViewModel.swift in Sources */,
				80028D862B6623B900091E6A /* DescriptionView.swift in Sources */,
				80993A002B611DFB00AC2C7E /* MovieDataSource.swift in Sources */,
				8098544C2B60F324002BF40F /* AppDelegate.swift in Sources */,
				809939FA2B611CC400AC2C7E /* CastRepository.swift in Sources */,
				8098544E2B60F324002BF40F /* SceneDelegate.swift in Sources */,
				809939E22B60F4C800AC2C7E /* Movie+Enums.swift in Sources */,
				80A3CF122B62A021006462B0 /* FetchMovieListsUseCaseProtocol.swift in Sources */,
				809939E02B60F4C800AC2C7E /* MovieRepositoryProtocol.swift in Sources */,
				80A3CF102B62A011006462B0 /* FetchMovieListsUseCase.swift in Sources */,
				80D089F32B623D88007B757A /* FetchCastListsUseCase.swift in Sources */,
				809939DD2B60F4C800AC2C7E /* HomeViewController.swift in Sources */,
				809939DE2B60F4C800AC2C7E /* DetailViewController.swift in Sources */,
				809939F32B61149300AC2C7E /* CastDTO.swift in Sources */,
				809939DF2B60F4C800AC2C7E /* CastRepositoryProtocol.swift in Sources */,
				80A3CF142B62A1FE006462B0 /* MovieRepository.swift in Sources */,
				80028D8A2B6623F300091E6A /* Color+Extension.swift in Sources */,
				80D089F52B623D92007B757A /* FetchCastListsUseCaseProtocol.swift in Sources */,
				80028D822B6623B900091E6A /* RatingView.swift in Sources */,
			);
			runOnlyForDeploymentPostprocessing = 0;
		};
/* End PBXSourcesBuildPhase section */

/* Begin XCBuildConfiguration section */
		8098545A2B60F326002BF40F /* Debug */ = {
			isa = XCBuildConfiguration;
			buildSettings = {
				ALWAYS_SEARCH_USER_PATHS = NO;
				ASSETCATALOG_COMPILER_GENERATE_SWIFT_ASSET_SYMBOL_EXTENSIONS = YES;
				CLANG_ANALYZER_NONNULL = YES;
				CLANG_ANALYZER_NUMBER_OBJECT_CONVERSION = YES_AGGRESSIVE;
				CLANG_CXX_LANGUAGE_STANDARD = "gnu++20";
				CLANG_ENABLE_MODULES = YES;
				CLANG_ENABLE_OBJC_ARC = YES;
				CLANG_ENABLE_OBJC_WEAK = YES;
				CLANG_WARN_BLOCK_CAPTURE_AUTORELEASING = YES;
				CLANG_WARN_BOOL_CONVERSION = YES;
				CLANG_WARN_COMMA = YES;
				CLANG_WARN_CONSTANT_CONVERSION = YES;
				CLANG_WARN_DEPRECATED_OBJC_IMPLEMENTATIONS = YES;
				CLANG_WARN_DIRECT_OBJC_ISA_USAGE = YES_ERROR;
				CLANG_WARN_DOCUMENTATION_COMMENTS = YES;
				CLANG_WARN_EMPTY_BODY = YES;
				CLANG_WARN_ENUM_CONVERSION = YES;
				CLANG_WARN_INFINITE_RECURSION = YES;
				CLANG_WARN_INT_CONVERSION = YES;
				CLANG_WARN_NON_LITERAL_NULL_CONVERSION = YES;
				CLANG_WARN_OBJC_IMPLICIT_RETAIN_SELF = YES;
				CLANG_WARN_OBJC_LITERAL_CONVERSION = YES;
				CLANG_WARN_OBJC_ROOT_CLASS = YES_ERROR;
				CLANG_WARN_QUOTED_INCLUDE_IN_FRAMEWORK_HEADER = YES;
				CLANG_WARN_RANGE_LOOP_ANALYSIS = YES;
				CLANG_WARN_STRICT_PROTOTYPES = YES;
				CLANG_WARN_SUSPICIOUS_MOVE = YES;
				CLANG_WARN_UNGUARDED_AVAILABILITY = YES_AGGRESSIVE;
				CLANG_WARN_UNREACHABLE_CODE = YES;
				CLANG_WARN__DUPLICATE_METHOD_MATCH = YES;
				COPY_PHASE_STRIP = NO;
				DEBUG_INFORMATION_FORMAT = dwarf;
				ENABLE_STRICT_OBJC_MSGSEND = YES;
				ENABLE_TESTABILITY = YES;
				ENABLE_USER_SCRIPT_SANDBOXING = YES;
				GCC_C_LANGUAGE_STANDARD = gnu17;
				GCC_DYNAMIC_NO_PIC = NO;
				GCC_NO_COMMON_BLOCKS = YES;
				GCC_OPTIMIZATION_LEVEL = 0;
				GCC_PREPROCESSOR_DEFINITIONS = (
					"DEBUG=1",
					"$(inherited)",
				);
				GCC_WARN_64_TO_32_BIT_CONVERSION = YES;
				GCC_WARN_ABOUT_RETURN_TYPE = YES_ERROR;
				GCC_WARN_UNDECLARED_SELECTOR = YES;
				GCC_WARN_UNINITIALIZED_AUTOS = YES_AGGRESSIVE;
				GCC_WARN_UNUSED_FUNCTION = YES;
				GCC_WARN_UNUSED_VARIABLE = YES;
				IPHONEOS_DEPLOYMENT_TARGET = 17.0;
				LOCALIZATION_PREFERS_STRING_CATALOGS = YES;
				MTL_ENABLE_DEBUG_INFO = INCLUDE_SOURCE;
				MTL_FAST_MATH = YES;
				ONLY_ACTIVE_ARCH = YES;
				SDKROOT = iphoneos;
				SWIFT_ACTIVE_COMPILATION_CONDITIONS = "DEBUG $(inherited)";
				SWIFT_OPTIMIZATION_LEVEL = "-Onone";
			};
			name = Debug;
		};
		8098545B2B60F326002BF40F /* Release */ = {
			isa = XCBuildConfiguration;
			buildSettings = {
				ALWAYS_SEARCH_USER_PATHS = NO;
				ASSETCATALOG_COMPILER_GENERATE_SWIFT_ASSET_SYMBOL_EXTENSIONS = YES;
				CLANG_ANALYZER_NONNULL = YES;
				CLANG_ANALYZER_NUMBER_OBJECT_CONVERSION = YES_AGGRESSIVE;
				CLANG_CXX_LANGUAGE_STANDARD = "gnu++20";
				CLANG_ENABLE_MODULES = YES;
				CLANG_ENABLE_OBJC_ARC = YES;
				CLANG_ENABLE_OBJC_WEAK = YES;
				CLANG_WARN_BLOCK_CAPTURE_AUTORELEASING = YES;
				CLANG_WARN_BOOL_CONVERSION = YES;
				CLANG_WARN_COMMA = YES;
				CLANG_WARN_CONSTANT_CONVERSION = YES;
				CLANG_WARN_DEPRECATED_OBJC_IMPLEMENTATIONS = YES;
				CLANG_WARN_DIRECT_OBJC_ISA_USAGE = YES_ERROR;
				CLANG_WARN_DOCUMENTATION_COMMENTS = YES;
				CLANG_WARN_EMPTY_BODY = YES;
				CLANG_WARN_ENUM_CONVERSION = YES;
				CLANG_WARN_INFINITE_RECURSION = YES;
				CLANG_WARN_INT_CONVERSION = YES;
				CLANG_WARN_NON_LITERAL_NULL_CONVERSION = YES;
				CLANG_WARN_OBJC_IMPLICIT_RETAIN_SELF = YES;
				CLANG_WARN_OBJC_LITERAL_CONVERSION = YES;
				CLANG_WARN_OBJC_ROOT_CLASS = YES_ERROR;
				CLANG_WARN_QUOTED_INCLUDE_IN_FRAMEWORK_HEADER = YES;
				CLANG_WARN_RANGE_LOOP_ANALYSIS = YES;
				CLANG_WARN_STRICT_PROTOTYPES = YES;
				CLANG_WARN_SUSPICIOUS_MOVE = YES;
				CLANG_WARN_UNGUARDED_AVAILABILITY = YES_AGGRESSIVE;
				CLANG_WARN_UNREACHABLE_CODE = YES;
				CLANG_WARN__DUPLICATE_METHOD_MATCH = YES;
				COPY_PHASE_STRIP = NO;
				DEBUG_INFORMATION_FORMAT = "dwarf-with-dsym";
				ENABLE_NS_ASSERTIONS = NO;
				ENABLE_STRICT_OBJC_MSGSEND = YES;
				ENABLE_USER_SCRIPT_SANDBOXING = YES;
				GCC_C_LANGUAGE_STANDARD = gnu17;
				GCC_NO_COMMON_BLOCKS = YES;
				GCC_WARN_64_TO_32_BIT_CONVERSION = YES;
				GCC_WARN_ABOUT_RETURN_TYPE = YES_ERROR;
				GCC_WARN_UNDECLARED_SELECTOR = YES;
				GCC_WARN_UNINITIALIZED_AUTOS = YES_AGGRESSIVE;
				GCC_WARN_UNUSED_FUNCTION = YES;
				GCC_WARN_UNUSED_VARIABLE = YES;
				IPHONEOS_DEPLOYMENT_TARGET = 17.0;
				LOCALIZATION_PREFERS_STRING_CATALOGS = YES;
				MTL_ENABLE_DEBUG_INFO = NO;
				MTL_FAST_MATH = YES;
				SDKROOT = iphoneos;
				SWIFT_COMPILATION_MODE = wholemodule;
				VALIDATE_PRODUCT = YES;
			};
			name = Release;
		};
		8098545D2B60F326002BF40F /* Debug */ = {
			isa = XCBuildConfiguration;
			buildSettings = {
				ASSETCATALOG_COMPILER_APPICON_NAME = AppIcon;
				ASSETCATALOG_COMPILER_GLOBAL_ACCENT_COLOR_NAME = AccentColor;
				CODE_SIGN_STYLE = Automatic;
				CURRENT_PROJECT_VERSION = 1;
				DEVELOPMENT_TEAM = 8W485969C3;
				GENERATE_INFOPLIST_FILE = YES;
				INFOPLIST_FILE = MovieList/Info.plist;
				INFOPLIST_KEY_UIApplicationSupportsIndirectInputEvents = YES;
				INFOPLIST_KEY_UILaunchStoryboardName = LaunchScreen;
				INFOPLIST_KEY_UISupportedInterfaceOrientations = UIInterfaceOrientationPortrait;
				INFOPLIST_KEY_UISupportedInterfaceOrientations_iPad = "UIInterfaceOrientationLandscapeLeft UIInterfaceOrientationLandscapeRight UIInterfaceOrientationPortrait UIInterfaceOrientationPortraitUpsideDown";
				IPHONEOS_DEPLOYMENT_TARGET = 17.0;
				LD_RUNPATH_SEARCH_PATHS = (
					"$(inherited)",
					"@executable_path/Frameworks",
				);
				MARKETING_VERSION = 1.0;
				PRODUCT_BUNDLE_IDENTIFIER = com.handy.MovieList;
				PRODUCT_NAME = "$(TARGET_NAME)";
				SUPPORTED_PLATFORMS = "iphoneos iphonesimulator";
				SUPPORTS_MACCATALYST = NO;
				SUPPORTS_MAC_DESIGNED_FOR_IPHONE_IPAD = NO;
				SUPPORTS_XR_DESIGNED_FOR_IPHONE_IPAD = NO;
				SWIFT_EMIT_LOC_STRINGS = YES;
				SWIFT_VERSION = 5.0;
				TARGETED_DEVICE_FAMILY = 1;
			};
			name = Debug;
		};
		8098545E2B60F326002BF40F /* Release */ = {
			isa = XCBuildConfiguration;
			buildSettings = {
				ASSETCATALOG_COMPILER_APPICON_NAME = AppIcon;
				ASSETCATALOG_COMPILER_GLOBAL_ACCENT_COLOR_NAME = AccentColor;
				CODE_SIGN_STYLE = Automatic;
				CURRENT_PROJECT_VERSION = 1;
				DEVELOPMENT_TEAM = 8W485969C3;
				GENERATE_INFOPLIST_FILE = YES;
				INFOPLIST_FILE = MovieList/Info.plist;
				INFOPLIST_KEY_UIApplicationSupportsIndirectInputEvents = YES;
				INFOPLIST_KEY_UILaunchStoryboardName = LaunchScreen;
				INFOPLIST_KEY_UISupportedInterfaceOrientations = UIInterfaceOrientationPortrait;
				INFOPLIST_KEY_UISupportedInterfaceOrientations_iPad = "UIInterfaceOrientationLandscapeLeft UIInterfaceOrientationLandscapeRight UIInterfaceOrientationPortrait UIInterfaceOrientationPortraitUpsideDown";
				IPHONEOS_DEPLOYMENT_TARGET = 17.0;
				LD_RUNPATH_SEARCH_PATHS = (
					"$(inherited)",
					"@executable_path/Frameworks",
				);
				MARKETING_VERSION = 1.0;
				PRODUCT_BUNDLE_IDENTIFIER = com.handy.MovieList;
				PRODUCT_NAME = "$(TARGET_NAME)";
				SUPPORTED_PLATFORMS = "iphoneos iphonesimulator";
				SUPPORTS_MACCATALYST = NO;
				SUPPORTS_MAC_DESIGNED_FOR_IPHONE_IPAD = NO;
				SUPPORTS_XR_DESIGNED_FOR_IPHONE_IPAD = NO;
				SWIFT_EMIT_LOC_STRINGS = YES;
				SWIFT_VERSION = 5.0;
				TARGETED_DEVICE_FAMILY = 1;
			};
			name = Release;
		};
/* End XCBuildConfiguration section */

/* Begin XCConfigurationList section */
		809854432B60F324002BF40F /* Build configuration list for PBXProject "MovieList" */ = {
			isa = XCConfigurationList;
			buildConfigurations = (
				8098545A2B60F326002BF40F /* Debug */,
				8098545B2B60F326002BF40F /* Release */,
			);
			defaultConfigurationIsVisible = 0;
			defaultConfigurationName = Release;
		};
		8098545C2B60F326002BF40F /* Build configuration list for PBXNativeTarget "MovieList" */ = {
			isa = XCConfigurationList;
			buildConfigurations = (
				8098545D2B60F326002BF40F /* Debug */,
				8098545E2B60F326002BF40F /* Release */,
			);
			defaultConfigurationIsVisible = 0;
			defaultConfigurationName = Release;
		};
/* End XCConfigurationList section */

/* Begin XCRemoteSwiftPackageReference section */
		80C4E95B2B64B89C0055D938 /* XCRemoteSwiftPackageReference "SDWebImage" */ = {
			isa = XCRemoteSwiftPackageReference;
			repositoryURL = "https://github.com/SDWebImage/SDWebImage";
			requirement = {
				kind = upToNextMajorVersion;
				minimumVersion = 5.18.10;
			};
		};
/* End XCRemoteSwiftPackageReference section */

/* Begin XCSwiftPackageProductDependency section */
		80C4E95C2B64B89C0055D938 /* SDWebImage */ = {
			isa = XCSwiftPackageProductDependency;
			package = 80C4E95B2B64B89C0055D938 /* XCRemoteSwiftPackageReference "SDWebImage" */;
			productName = SDWebImage;
		};
/* End XCSwiftPackageProductDependency section */
	};
	rootObject = 809854402B60F324002BF40F /* Project object */;
}
